{
    "_readme": [
        "This file locks the dependencies of your project to a known state",
        "Read more about it at https://getcomposer.org/doc/01-basic-usage.md#installing-dependencies",
        "This file is @generated automatically"
    ],
    "content-hash": "88858884e205379fba41f80114c6bc86",
    "packages": [
        {
            "name": "dragonmantank/cron-expression",
            "version": "v3.3.3",
            "source": {
                "type": "git",
                "url": "https://github.com/dragonmantank/cron-expression.git",
                "reference": "adfb1f505deb6384dc8b39804c5065dd3c8c8c0a"
            },
            "dist": {
                "type": "zip",
                "url": "https://api.github.com/repos/dragonmantank/cron-expression/zipball/adfb1f505deb6384dc8b39804c5065dd3c8c8c0a",
                "reference": "adfb1f505deb6384dc8b39804c5065dd3c8c8c0a",
                "shasum": ""
            },
            "require": {
                "php": "^7.2|^8.0",
                "webmozart/assert": "^1.0"
            },
            "replace": {
                "mtdowling/cron-expression": "^1.0"
            },
            "require-dev": {
                "phpstan/extension-installer": "^1.0",
                "phpstan/phpstan": "^1.0",
                "phpstan/phpstan-webmozart-assert": "^1.0",
                "phpunit/phpunit": "^7.0|^8.0|^9.0"
            },
            "type": "library",
            "autoload": {
                "psr-4": {
                    "Cron\\": "src/Cron/"
                }
            },
            "notification-url": "https://packagist.org/downloads/",
            "license": [
                "MIT"
            ],
            "authors": [
                {
                    "name": "Chris Tankersley",
                    "email": "chris@ctankersley.com",
                    "homepage": "https://github.com/dragonmantank"
                }
            ],
            "description": "CRON for PHP: Calculate the next or previous run date and determine if a CRON expression is due",
            "keywords": [
                "cron",
                "schedule"
            ],
            "support": {
                "issues": "https://github.com/dragonmantank/cron-expression/issues",
                "source": "https://github.com/dragonmantank/cron-expression/tree/v3.3.3"
            },
            "funding": [
                {
                    "url": "https://github.com/dragonmantank",
                    "type": "github"
                }
            ],
            "time": "2023-08-10T19:36:49+00:00"
        },
        {
            "name": "peppeocchi/php-cron-scheduler",
            "version": "v4.0",
            "source": {
                "type": "git",
                "url": "https://github.com/peppeocchi/php-cron-scheduler.git",
                "reference": "0acfa032e60f0ea22a27b96a6b15a673a31d3448"
            },
            "dist": {
                "type": "zip",
                "url": "https://api.github.com/repos/peppeocchi/php-cron-scheduler/zipball/0acfa032e60f0ea22a27b96a6b15a673a31d3448",
                "reference": "0acfa032e60f0ea22a27b96a6b15a673a31d3448",
                "shasum": ""
            },
            "require": {
                "dragonmantank/cron-expression": "^3.0",
                "php": "^7.3 || ^8.0"
            },
            "require-dev": {
                "php-coveralls/php-coveralls": "^2.4",
                "phpunit/phpunit": "~9.5",
                "swiftmailer/swiftmailer": "~5.4 || ^6.0"
            },
            "suggest": {
                "swiftmailer/swiftmailer": "Required to send the output of a job to email address/es (~5.4 || ^6.0)."
            },
            "type": "library",
            "autoload": {
                "psr-4": {
                    "GO\\": "src/GO/"
                }
            },
            "notification-url": "https://packagist.org/downloads/",
            "license": [
                "MIT"
            ],
            "authors": [
                {
                    "name": "Giuseppe Occhipinti",
                    "email": "peppeocchi@gmail.com"
                },
                {
                    "name": "Carsten Windler",
                    "email": "carsten@carstenwindler.de",
                    "homepage": "http://carstenwindler.de",
                    "role": "Contributor"
                }
            ],
            "description": "PHP Cron Job Scheduler",
            "keywords": [
                "cron job",
                "scheduler"
            ],
            "support": {
                "issues": "https://github.com/peppeocchi/php-cron-scheduler/issues",
                "source": "https://github.com/peppeocchi/php-cron-scheduler/tree/v4.0"
            },
            "time": "2021-04-22T21:32:03+00:00"
        },
        {
            "name": "webmozart/assert",
            "version": "1.11.0",
            "source": {
                "type": "git",
                "url": "https://github.com/webmozarts/assert.git",
                "reference": "11cb2199493b2f8a3b53e7f19068fc6aac760991"
            },
            "dist": {
                "type": "zip",
                "url": "https://api.github.com/repos/webmozarts/assert/zipball/11cb2199493b2f8a3b53e7f19068fc6aac760991",
                "reference": "11cb2199493b2f8a3b53e7f19068fc6aac760991",
                "shasum": ""
            },
            "require": {
                "ext-ctype": "*",
                "php": "^7.2 || ^8.0"
            },
            "conflict": {
                "phpstan/phpstan": "<0.12.20",
                "vimeo/psalm": "<4.6.1 || 4.6.2"
            },
            "require-dev": {
                "phpunit/phpunit": "^8.5.13"
            },
            "type": "library",
            "extra": {
                "branch-alias": {
                    "dev-master": "1.10-dev"
                }
            },
            "autoload": {
                "psr-4": {
                    "Webmozart\\Assert\\": "src/"
                }
            },
            "notification-url": "https://packagist.org/downloads/",
            "license": [
                "MIT"
            ],
            "authors": [
                {
                    "name": "Bernhard Schussek",
                    "email": "bschussek@gmail.com"
                }
            ],
            "description": "Assertions to validate method input/output with nice error messages.",
            "keywords": [
                "assert",
                "check",
                "validate"
            ],
            "support": {
                "issues": "https://github.com/webmozarts/assert/issues",
                "source": "https://github.com/webmozarts/assert/tree/1.11.0"
            },
            "time": "2022-06-03T18:03:27+00:00"
        }
    ],
    "packages-dev": [],
    "aliases": [],
    "minimum-stability": "stable",
    "stability-flags": [],
    "prefer-stable": false,
    "prefer-lowest": false,
    "platform": [],
    "platform-dev": [],
    "plugin-api-version": "2.6.0"
}
